// !$*UTF8*$!
{
	archiveVersion = 1;
	classes = {
	};
	objectVersion = 46;
	objects = {

/* Begin PBXBuildFile section */
		ED54675C1F1CAEEE0057CD03 /* main.swift in Sources */ = {isa = PBXBuildFile; fileRef = ED54675B1F1CAEEE0057CD03 /* main.swift */; };
		ED5467671F1CB89B0057CD03 /* Solution_Array_Partition_I.swift in Sources */ = {isa = PBXBuildFile; fileRef = ED5467661F1CB89B0057CD03 /* Solution_Array_Partition_I.swift */; };
		ED5467691F1CB8C70057CD03 /* Solution_Hamming_Distance.swift in Sources */ = {isa = PBXBuildFile; fileRef = ED5467681F1CB8C70057CD03 /* Solution_Hamming_Distance.swift */; };
		ED54676B1F1CBA4E0057CD03 /* Solution_Encode_and_Decode_TinyURL.swift in Sources */ = {isa = PBXBuildFile; fileRef = ED54676A1F1CBA4E0057CD03 /* Solution_Encode_and_Decode_TinyURL.swift */; };
/* End PBXBuildFile section */

/* Begin PBXCopyFilesBuildPhase section */
		ED5467561F1CAEEE0057CD03 /* CopyFiles */ = {
			isa = PBXCopyFilesBuildPhase;
			buildActionMask = 2147483647;
			dstPath = /usr/share/man/man1/;
			dstSubfolderSpec = 0;
			files = (
			);
			runOnlyForDeploymentPostprocessing = 1;
		};
/* End PBXCopyFilesBuildPhase section */

/* Begin PBXFileReference section */
		ED5467581F1CAEEE0057CD03 /* LetCodeInSwift */ = {isa = PBXFileReference; explicitFileType = "compiled.mach-o.executable"; includeInIndex = 0; path = LetCodeInSwift; sourceTree = BUILT_PRODUCTS_DIR; };
		ED54675B1F1CAEEE0057CD03 /* main.swift */ = {isa = PBXFileReference; lastKnownFileType = sourcecode.swift; path = main.swift; sourceTree = "<group>"; };
		ED5467661F1CB89B0057CD03 /* Solution_Array_Partition_I.swift */ = {isa = PBXFileReference; fileEncoding = 4; lastKnownFileType = sourcecode.swift; path = Solution_Array_Partition_I.swift; sourceTree = "<group>"; };
		ED5467681F1CB8C70057CD03 /* Solution_Hamming_Distance.swift */ = {isa = PBXFileReference; fileEncoding = 4; lastKnownFileType = sourcecode.swift; path = Solution_Hamming_Distance.swift; sourceTree = "<group>"; };
		ED54676A1F1CBA4E0057CD03 /* Solution_Encode_and_Decode_TinyURL.swift */ = {isa = PBXFileReference; fileEncoding = 4; lastKnownFileType = sourcecode.swift; path = Solution_Encode_and_Decode_TinyURL.swift; sourceTree = "<group>"; };
/* End PBXFileReference section */

/* Begin PBXFrameworksBuildPhase section */
		ED5467551F1CAEEE0057CD03 /* Frameworks */ = {
			isa = PBXFrameworksBuildPhase;
			buildActionMask = 2147483647;
			files = (
			);
			runOnlyForDeploymentPostprocessing = 0;
		};
/* End PBXFrameworksBuildPhase section */

/* Begin PBXGroup section */
		ED54674F1F1CAEEE0057CD03 = {
			isa = PBXGroup;
			children = (
				ED54675A1F1CAEEE0057CD03 /* LetCodeInSwift */,
				ED5467591F1CAEEE0057CD03 /* Products */,
			);
			sourceTree = "<group>";
		};
		ED5467591F1CAEEE0057CD03 /* Products */ = {
			isa = PBXGroup;
			children = (
				ED5467581F1CAEEE0057CD03 /* LetCodeInSwift */,
			);
			name = Products;
			sourceTree = "<group>";
		};
		ED54675A1F1CAEEE0057CD03 /* LetCodeInSwift */ = {
			isa = PBXGroup;
			children = (
				ED54675B1F1CAEEE0057CD03 /* main.swift */,
				ED5467661F1CB89B0057CD03 /* Solution_Array_Partition_I.swift */,
				ED5467681F1CB8C70057CD03 /* Solution_Hamming_Distance.swift */,
				ED54676A1F1CBA4E0057CD03 /* Solution_Encode_and_Decode_TinyURL.swift */,
			);
			path = LetCodeInSwift;
			sourceTree = "<group>";
		};
/* End PBXGroup section */

/* Begin PBXNativeTarget section */
		ED5467571F1CAEEE0057CD03 /* LetCodeInSwift */ = {
			isa = PBXNativeTarget;
			buildConfigurationList = ED54675F1F1CAEEE0057CD03 /* Build configuration list for PBXNativeTarget "LetCodeInSwift" */;
			buildPhases = (
				ED5467541F1CAEEE0057CD03 /* Sources */,
				ED5467551F1CAEEE0057CD03 /* Frameworks */,
				ED5467561F1CAEEE0057CD03 /* CopyFiles */,
			);
			buildRules = (
			);
			dependencies = (
			);
			name = LetCodeInSwift;
			productName = LetCodeInSwift;
			productReference = ED5467581F1CAEEE0057CD03 /* LetCodeInSwift */;
			productType = "com.apple.product-type.tool";
		};
/* End PBXNativeTarget section */

/* Begin PBXProject section */
		ED5467501F1CAEEE0057CD03 /* Project object */ = {
			isa = PBXProject;
			attributes = {
				LastSwiftUpdateCheck = 0830;
				LastUpgradeCheck = 0830;
				ORGANIZATIONNAME = Cocos;
				TargetAttributes = {
					ED5467571F1CAEEE0057CD03 = {
						CreatedOnToolsVersion = 8.3.3;
						ProvisioningStyle = Automatic;
					};
				};
			};
			buildConfigurationList = ED5467531F1CAEEE0057CD03 /* Build configuration list for PBXProject "LetCodeInSwift" */;
			compatibilityVersion = "Xcode 3.2";
			developmentRegion = English;
			hasScannedForEncodings = 0;
			knownRegions = (
				en,
			);
			mainGroup = ED54674F1F1CAEEE0057CD03;
			productRefGroup = ED5467591F1CAEEE0057CD03 /* Products */;
			projectDirPath = "";
			projectRoot = "";
			targets = (
				ED5467571F1CAEEE0057CD03 /* LetCodeInSwift */,
			);
		};
/* End PBXProject section */

/* Begin PBXSourcesBuildPhase section */
		ED5467541F1CAEEE0057CD03 /* Sources */ = {
			isa = PBXSourcesBuildPhase;
			buildActionMask = 2147483647;
			files = (
				ED54676B1F1CBA4E0057CD03 /* Solution_Encode_and_Decode_TinyURL.swift in Sources */,
				ED5467671F1CB89B0057CD03 /* Solution_Array_Partition_I.swift in Sources */,
				ED5467691F1CB8C70057CD03 /* Solution_Hamming_Distance.swift in Sources */,
				ED54675C1F1CAEEE0057CD03 /* main.swift in Sources */,
			);
			runOnlyForDeploymentPostprocessing = 0;
		};
/* End PBXSourcesBuildPhase section */

/* Begin XCBuildConfiguration section */
		ED54675D1F1CAEEE0057CD03 /* Debug */ = {
			isa = XCBuildConfiguration;
			buildSettings = {
				ALWAYS_SEARCH_USER_PATHS = NO;
				CLANG_ANALYZER_NONNULL = YES;
				CLANG_ANALYZER_NUMBER_OBJECT_CONVERSION = YES_AGGRESSIVE;
				CLANG_CXX_LANGUAGE_STANDARD = "gnu++0x";
				CLANG_CXX_LIBRARY = "libc++";
				CLANG_ENABLE_MODULES = YES;
				CLANG_ENABLE_OBJC_ARC = YES;
				CLANG_WARN_BOOL_CONVERSION = YES;
				CLANG_WARN_CONSTANT_CONVERSION = YES;
				CLANG_WARN_DIRECT_OBJC_ISA_USAGE = YES_ERROR;
				CLANG_WARN_DOCUMENTATION_COMMENTS = YES;
				CLANG_WARN_EMPTY_BODY = YES;
				CLANG_WARN_ENUM_CONVERSION = YES;
				CLANG_WARN_INFINITE_RECURSION = YES;
				CLANG_WARN_INT_CONVERSION = YES;
				CLANG_WARN_OBJC_ROOT_CLASS = YES_ERROR;
				CLANG_WARN_SUSPICIOUS_MOVE = YES;
				CLANG_WARN_UNREACHABLE_CODE = YES;
				CLANG_WARN__DUPLICATE_METHOD_MATCH = YES;
				CODE_SIGN_IDENTITY = "-";
				COPY_PHASE_STRIP = NO;
				DEBUG_INFORMATION_FORMAT = dwarf;
				ENABLE_STRICT_OBJC_MSGSEND = YES;
				ENABLE_TESTABILITY = YES;
				GCC_C_LANGUAGE_STANDARD = gnu99;
				GCC_DYNAMIC_NO_PIC = NO;
				GCC_NO_COMMON_BLOCKS = YES;
				GCC_OPTIMIZATION_LEVEL = 0;
				GCC_PREPROCESSOR_DEFINITIONS = (
					"DEBUG=1",
					"$(inherited)",
				);
				GCC_WARN_64_TO_32_BIT_CONVERSION = YES;
				GCC_WARN_ABOUT_RETURN_TYPE = YES_ERROR;
				GCC_WARN_UNDECLARED_SELECTOR = YES;
				GCC_WARN_UNINITIALIZED_AUTOS = YES_AGGRESSIVE;
				GCC_WARN_UNUSED_FUNCTION = YES;
				GCC_WARN_UNUSED_VARIABLE = YES;
				MACOSX_DEPLOYMENT_TARGET = 10.12;
				MTL_ENABLE_DEBUG_INFO = YES;
				ONLY_ACTIVE_ARCH = YES;
				SDKROOT = macosx;
				SWIFT_OPTIMIZATION_LEVEL = "-Onone";
			};
			name = Debug;
		};
		ED54675E1F1CAEEE0057CD03 /* Release */ = {
			isa = XCBuildConfiguration;
			buildSettings = {
				ALWAYS_SEARCH_USER_PATHS = NO;
				CLANG_ANALYZER_NONNULL = YES;
				CLANG_ANALYZER_NUMBER_OBJECT_CONVERSION = YES_AGGRESSIVE;
				CLANG_CXX_LANGUAGE_STANDARD = "gnu++0x";
				CLANG_CXX_LIBRARY = "libc++";
				CLANG_ENABLE_MODULES = YES;
				CLANG_ENABLE_OBJC_ARC = YES;
				CLANG_WARN_BOOL_CONVERSION = YES;
				CLANG_WARN_CONSTANT_CONVERSION = YES;
				CLANG_WARN_DIRECT_OBJC_ISA_USAGE = YES_ERROR;
				CLANG_WARN_DOCUMENTATION_COMMENTS = YES;
				CLANG_WARN_EMPTY_BODY = YES;
				CLANG_WARN_ENUM_CONVERSION = YES;
				CLANG_WARN_INFINITE_RECURSION = YES;
				CLANG_WARN_INT_CONVERSION = YES;
				CLANG_WARN_OBJC_ROOT_CLASS = YES_ERROR;
				CLANG_WARN_SUSPICIOUS_MOVE = YES;
				CLANG_WARN_UNREACHABLE_CODE = YES;
				CLANG_WARN__DUPLICATE_METHOD_MATCH = YES;
				CODE_SIGN_IDENTITY = "-";
				COPY_PHASE_STRIP = NO;
				DEBUG_INFORMATION_FORMAT = "dwarf-with-dsym";
				ENABLE_NS_ASSERTIONS = NO;
				ENABLE_STRICT_OBJC_MSGSEND = YES;
				GCC_C_LANGUAGE_STANDARD = gnu99;
				GCC_NO_COMMON_BLOCKS = YES;
				GCC_WARN_64_TO_32_BIT_CONVERSION = YES;
				GCC_WARN_ABOUT_RETURN_TYPE = YES_ERROR;
				GCC_WARN_UNDECLARED_SELECTOR = YES;
				GCC_WARN_UNINITIALIZED_AUTOS = YES_AGGRESSIVE;
				GCC_WARN_UNUSED_FUNCTION = YES;
				GCC_WARN_UNUSED_VARIABLE = YES;
				MACOSX_DEPLOYMENT_TARGET = 10.12;
				MTL_ENABLE_DEBUG_INFO = NO;
				SDKROOT = macosx;
			};
			name = Release;
		};
		ED5467601F1CAEEE0057CD03 /* Debug */ = {
			isa = XCBuildConfiguration;
			buildSettings = {
				PRODUCT_NAME = "$(TARGET_NAME)";
				SWIFT_VERSION = 3.0;
			};
			name = Debug;
		};
		ED5467611F1CAEEE0057CD03 /* Release */ = {
			isa = XCBuildConfiguration;
			buildSettings = {
				PRODUCT_NAME = "$(TARGET_NAME)";
				SWIFT_VERSION = 3.0;
			};
			name = Release;
		};
/* End XCBuildConfiguration section */

/* Begin XCConfigurationList section */
		ED5467531F1CAEEE0057CD03 /* Build configuration list for PBXProject "LetCodeInSwift" */ = {
			isa = XCConfigurationList;
			buildConfigurations = (
				ED54675D1F1CAEEE0057CD03 /* Debug */,
				ED54675E1F1CAEEE0057CD03 /* Release */,
			);
			defaultConfigurationIsVisible = 0;
			defaultConfigurationName = Release;
		};
		ED54675F1F1CAEEE0057CD03 /* Build configuration list for PBXNativeTarget "LetCodeInSwift" */ = {
			isa = XCConfigurationList;
			buildConfigurations = (
				ED5467601F1CAEEE0057CD03 /* Debug */,
				ED5467611F1CAEEE0057CD03 /* Release */,
			);
			defaultConfigurationIsVisible = 0;
		};
/* End XCConfigurationList section */
	};
	rootObject = ED5467501F1CAEEE0057CD03 /* Project object */;
}
